
Microsoft Visual Studio Solution File, Format Version 12.00
# Visual Studio Version 17
VisualStudioVersion = 17.8.34511.84
MinimumVisualStudioVersion = 10.0.40219.1
Project("{FAE04EC0-301F-11D3-BF4B-00C04F79EFBC}") = "Using Async and Await", "Using Async and Await.csproj", "{2648FA1D-AE74-445D-8AD6-9D2FA6219526}"
EndProject
Global
	GlobalSection(SolutionConfigurationPlatforms) = preSolution
		Debug|Any CPU = Debug|Any CPU
		Release|Any CPU = Release|Any CPU
	EndGlobalSection
	GlobalSection(ProjectConfigurationPlatforms) = postSolution
		{2648FA1D-AE74-445D-8AD6-9D2FA6219526}.Debug|Any CPU.ActiveCfg = Debug|Any CPU
		{2648FA1D-AE74-445D-8AD6-9D2FA6219526}.Debug|Any CPU.Build.0 = Debug|Any CPU
		{2648FA1D-AE74-445D-8AD6-9D2FA6219526}.Release|Any CPU.ActiveCfg = Release|Any CPU
		{2648FA1D-AE74-445D-8AD6-9D2FA6219526}.Release|Any CPU.Build.0 = Release|Any CPU
	EndGlobalSection
	GlobalSection(SolutionProperties) = preSolution
		HideSolutionNode = FALSE
	EndGlobalSection
	GlobalSection(ExtensibilityGlobals) = postSolution
		SolutionGuid = {505775C5-5671-4FF7-B037-2CF90C1CAA83}
	EndGlobalSection
EndGlobal
